
Microsoft Visual Studio Solution File, Format Version 12.00
# Visual Studio Version 17
VisualStudioVersion = 17.0.31903.59
MinimumVisualStudioVersion = 10.0.40219.1
Project("{FAE04EC0-301F-11D3-BF4B-00C04F79EFBC}") = "MinhaSessao", "MinhaSessao.csproj", "{4F48C9FC-546D-4873-863E-175177FC89BA}"
EndProject
Project("{FAE04EC0-301F-11D3-BF4B-00C04F79EFBC}") = "MinhaSessao.Tests", "MinhaSessao.Tests\MinhaSessao.Tests.csproj", "{6C36280A-6F0E-4C4F-AB27-1AF25107A899}"
EndProject
Global
	GlobalSection(SolutionConfigurationPlatforms) = preSolution
		Debug|Any CPU = Debug|Any CPU
		Release|Any CPU = Release|Any CPU
	EndGlobalSection
	GlobalSection(SolutionProperties) = preSolution
		HideSolutionNode = FALSE
	EndGlobalSection
	GlobalSection(ProjectConfigurationPlatforms) = postSolution
		{4F48C9FC-546D-4873-863E-175177FC89BA}.Debug|Any CPU.ActiveCfg = Debug|Any CPU
		{4F48C9FC-546D-4873-863E-175177FC89BA}.Debug|Any CPU.Build.0 = Debug|Any CPU
		{4F48C9FC-546D-4873-863E-175177FC89BA}.Release|Any CPU.ActiveCfg = Release|Any CPU
		{4F48C9FC-546D-4873-863E-175177FC89BA}.Release|Any CPU.Build.0 = Release|Any CPU
		{6C36280A-6F0E-4C4F-AB27-1AF25107A899}.Debug|Any CPU.ActiveCfg = Debug|Any CPU
		{6C36280A-6F0E-4C4F-AB27-1AF25107A899}.Debug|Any CPU.Build.0 = Debug|Any CPU
		{6C36280A-6F0E-4C4F-AB27-1AF25107A899}.Release|Any CPU.ActiveCfg = Release|Any CPU
		{6C36280A-6F0E-4C4F-AB27-1AF25107A899}.Release|Any CPU.Build.0 = Release|Any CPU
	EndGlobalSection
EndGlobal
